@ -25,6 +25,8 @@
        "react": "^18",
        "react-dom": "^18",
        "react-hook-form": "^7.49.3",
        "react-image-crop": "^11.0.5",
        "uuidv4": "^6.2.13",
        "zod": "^3.22.4"
      },
      "devDependencies": {
@ -2083,6 +2085,11 @@
      "integrity": "sha512-/Ad8+nIOV7Rl++6f1BdKxFSMgmoqEoYbHRpPcx3JEfv8VRsQe9Z4mCXeJBzxs7mbHY/XOZZuXlRNfhpVPbs6ZA==",
      "optional": true
    },
    "node_modules/@types/uuid": {
      "version": "8.3.4",
      "resolved": "https://registry.npmjs.org/@types/uuid/-/uuid-8.3.4.tgz",
      "integrity": "sha512-c/I8ZRb51j+pYGAu5CrFMRxqZ2ke4y2grEBO5AUjgSkSk+qT2Ea+OdWElz/OiMf5MNpn2b17kuVBwZLQJXzihw=="
    },
    "node_modules/@typescript-eslint/parser": {
      "version": "6.19.1",
      "resolved": "https://registry.npmjs.org/@typescript-eslint/parser/-/parser-6.19.1.tgz",
@ -6353,6 +6360,14 @@
        "react": "^16.8.0 || ^17 || ^18"
      }
    },
    "node_modules/react-image-crop": {
      "version": "11.0.5",
      "resolved": "https://registry.npmjs.org/react-image-crop/-/react-image-crop-11.0.5.tgz",
      "integrity": "sha512-A/Y/kspOzki1zDL/bSgwWIY1X3CQ9F1QwpdnncWLBVAktnKfAZDIQnWmjXzuzEjZHDMsBlArytIcPBVi6DNklg==",
      "peerDependencies": {
        "react": ">=16.13.1"
      }
    },
    "node_modules/react-is": {
      "version": "16.13.1",
      "resolved": "https://registry.npmjs.org/react-is/-/react-is-16.13.1.tgz",
@ -7421,6 +7436,23 @@
        "uuid": "dist/bin/uuid"
      }
    },
    "node_modules/uuidv4": {
      "version": "6.2.13",
      "resolved": "https://registry.npmjs.org/uuidv4/-/uuidv4-6.2.13.tgz",
      "integrity": "sha512-AXyzMjazYB3ovL3q051VLH06Ixj//Knx7QnUSi1T//Ie3io6CpsPu9nVMOx5MoLWh6xV0B9J0hIaxungxXUbPQ==",
      "dependencies": {
        "@types/uuid": "8.3.4",
        "uuid": "8.3.2"
      }
    },
    "node_modules/uuidv4/node_modules/uuid": {
      "version": "8.3.2",
      "resolved": "https://registry.npmjs.org/uuid/-/uuid-8.3.2.tgz",
      "integrity": "sha512-+NYs2QeMWy+GWFOEm9xnn6HCDp0l7QBD7ml8zLUmJ+93Q5NF0NocErnwkTkXVFNiX3/fpC6afS8Dhb/gz7R7eg==",
      "bin": {
        "uuid": "dist/bin/uuid"
      }
    },
    "node_modules/webidl-conversions": {
      "version": "3.0.1",
      "resolved": "https://registry.npmjs.org/webidl-conversions/-/webidl-conversions-3.0.1.tgz",
